
Microsoft Visual Studio Solution File, Format Version 12.00
# Visual Studio Version 16
VisualStudioVersion = 16.0.30804.86
MinimumVisualStudioVersion = 10.0.40219.1
Project("{FAE04EC0-301F-11D3-BF4B-00C04F79EFBC}") = "BSUploadingFiles", "BSUploadingFiles\BSUploadingFiles.csproj", "{B64FCBDF-5B21-491E-B4A5-26F824AA88C0}"
EndProject
Global
	GlobalSection(SolutionConfigurationPlatforms) = preSolution
		Debug|Any CPU = Debug|Any CPU
		Release|Any CPU = Release|Any CPU
	EndGlobalSection
	GlobalSection(ProjectConfigurationPlatforms) = postSolution
		{B64FCBDF-5B21-491E-B4A5-26F824AA88C0}.Debug|Any CPU.ActiveCfg = Debug|Any CPU
		{B64FCBDF-5B21-491E-B4A5-26F824AA88C0}.Debug|Any CPU.Build.0 = Debug|Any CPU
		{B64FCBDF-5B21-491E-B4A5-26F824AA88C0}.Release|Any CPU.ActiveCfg = Release|Any CPU
		{B64FCBDF-5B21-491E-B4A5-26F824AA88C0}.Release|Any CPU.Build.0 = Release|Any CPU
	EndGlobalSection
	GlobalSection(SolutionProperties) = preSolution
		HideSolutionNode = FALSE
	EndGlobalSection
	GlobalSection(ExtensibilityGlobals) = postSolution
		SolutionGuid = {A6164966-E8F6-4B2F-95D1-5F9227762C2B}
	EndGlobalSection
EndGlobal
